
Microsoft Visual Studio Solution File, Format Version 12.00
# Visual Studio Version 17
VisualStudioVersion = 17.8.34316.72
MinimumVisualStudioVersion = 10.0.40219.1
Project("{9A19103F-16F7-4668-BE54-9A1E7A4F7556}") = "App.Repositories", "Repositories\App.Repositories.csproj", "{33E8737A-6632-4D3C-AB5E-DCE55016F4CE}"
EndProject
Project("{9A19103F-16F7-4668-BE54-9A1E7A4F7556}") = "App.Services", "Services\App.Services.csproj", "{1E0DCFE2-7832-4C00-A304-B81BFEDECA94}"
EndProject
Project("{9A19103F-16F7-4668-BE54-9A1E7A4F7556}") = "App.API", "App.API\App.API.csproj", "{E75CB04B-CEFF-4E10-884D-63D21F086CF5}"
EndProject
Project("{2150E333-8FDC-42A3-9474-1A3956D46DE8}") = "NLayer", "NLayer", "{E1BBC274-1537-4864-8319-0FC0A06FFE09}"
EndProject
Project("{2150E333-8FDC-42A3-9474-1A3956D46DE8}") = "CleanArchitecture", "CleanArchitecture", "{3068BA14-2CEC-4A98-8BDC-C36B63D5AC0A}"
EndProject
Project("{2150E333-8FDC-42A3-9474-1A3956D46DE8}") = "src", "src", "{73B835AA-8EEB-46A3-A739-F12162AA4BAC}"
EndProject
Project("{2150E333-8FDC-42A3-9474-1A3956D46DE8}") = "test", "test", "{10A8CE9A-93C7-42BA-A379-F1E8C98A7327}"
EndProject
Project("{2150E333-8FDC-42A3-9474-1A3956D46DE8}") = "core", "core", "{738E97AE-DDF3-4B98-B535-A9FBB43571A3}"
EndProject
Project("{9A19103F-16F7-4668-BE54-9A1E7A4F7556}") = "App.Domain", "App.Domain\App.Domain.csproj", "{74345CF9-AC7D-458C-90F3-0F95DBEB9B57}"
EndProject
Project("{9A19103F-16F7-4668-BE54-9A1E7A4F7556}") = "App.Application", "App.Application\App.Application.csproj", "{53E64B19-D1B6-43E1-A0CC-693357E7C699}"
EndProject
Project("{2150E333-8FDC-42A3-9474-1A3956D46DE8}") = "infrastructure", "infrastructure", "{8AF9C940-9A4F-4C9D-BD13-5015DDE06A72}"
EndProject
Project("{9A19103F-16F7-4668-BE54-9A1E7A4F7556}") = "App.Persistence", "App.Persistence\App.Persistence.csproj", "{8BB595B5-F8E1-4AF9-B3C2-42EF1DF3AFDF}"
EndProject
Project("{2150E333-8FDC-42A3-9474-1A3956D46DE8}") = "API", "API", "{DADB7A6B-7693-40A2-B1E1-E01264AC1A58}"
EndProject
Project("{9A19103F-16F7-4668-BE54-9A1E7A4F7556}") = "CleanApp.API", "CleanApp.API\CleanApp.API.csproj", "{0DB162D1-3702-4127-A8A9-F5F026EDF962}"
EndProject
Project("{FAE04EC0-301F-11D3-BF4B-00C04F79EFBC}") = "App.Caching", "App.Caching\App.Caching.csproj", "{77549329-6BE1-4D9F-9AB0-9CC3FA579B5E}"
EndProject
Project("{FAE04EC0-301F-11D3-BF4B-00C04F79EFBC}") = "App.Bus", "App.Bus\App.Bus.csproj", "{38319A2B-EE77-4EBB-A771-4A972208239D}"
EndProject
Global
	GlobalSection(SolutionConfigurationPlatforms) = preSolution
		Debug|Any CPU = Debug|Any CPU
		Release|Any CPU = Release|Any CPU
	EndGlobalSection
	GlobalSection(ProjectConfigurationPlatforms) = postSolution
		{33E8737A-6632-4D3C-AB5E-DCE55016F4CE}.Debug|Any CPU.ActiveCfg = Debug|Any CPU
		{33E8737A-6632-4D3C-AB5E-DCE55016F4CE}.Debug|Any CPU.Build.0 = Debug|Any CPU
		{33E8737A-6632-4D3C-AB5E-DCE55016F4CE}.Release|Any CPU.ActiveCfg = Release|Any CPU
		{33E8737A-6632-4D3C-AB5E-DCE55016F4CE}.Release|Any CPU.Build.0 = Release|Any CPU
		{1E0DCFE2-7832-4C00-A304-B81BFEDECA94}.Debug|Any CPU.ActiveCfg = Debug|Any CPU
		{1E0DCFE2-7832-4C00-A304-B81BFEDECA94}.Debug|Any CPU.Build.0 = Debug|Any CPU
		{1E0DCFE2-7832-4C00-A304-B81BFEDECA94}.Release|Any CPU.ActiveCfg = Release|Any CPU
		{1E0DCFE2-7832-4C00-A304-B81BFEDECA94}.Release|Any CPU.Build.0 = Release|Any CPU
		{E75CB04B-CEFF-4E10-884D-63D21F086CF5}.Debug|Any CPU.ActiveCfg = Debug|Any CPU
		{E75CB04B-CEFF-4E10-884D-63D21F086CF5}.Debug|Any CPU.Build.0 = Debug|Any CPU
		{E75CB04B-CEFF-4E10-884D-63D21F086CF5}.Release|Any CPU.ActiveCfg = Release|Any CPU
		{E75CB04B-CEFF-4E10-884D-63D21F086CF5}.Release|Any CPU.Build.0 = Release|Any CPU
		{74345CF9-AC7D-458C-90F3-0F95DBEB9B57}.Debug|Any CPU.ActiveCfg = Debug|Any CPU
		{74345CF9-AC7D-458C-90F3-0F95DBEB9B57}.Debug|Any CPU.Build.0 = Debug|Any CPU
		{74345CF9-AC7D-458C-90F3-0F95DBEB9B57}.Release|Any CPU.ActiveCfg = Release|Any CPU
		{74345CF9-AC7D-458C-90F3-0F95DBEB9B57}.Release|Any CPU.Build.0 = Release|Any CPU
		{53E64B19-D1B6-43E1-A0CC-693357E7C699}.Debug|Any CPU.ActiveCfg = Debug|Any CPU
		{53E64B19-D1B6-43E1-A0CC-693357E7C699}.Debug|Any CPU.Build.0 = Debug|Any CPU
		{53E64B19-D1B6-43E1-A0CC-693357E7C699}.Release|Any CPU.ActiveCfg = Release|Any CPU
		{53E64B19-D1B6-43E1-A0CC-693357E7C699}.Release|Any CPU.Build.0 = Release|Any CPU
		{8BB595B5-F8E1-4AF9-B3C2-42EF1DF3AFDF}.Debug|Any CPU.ActiveCfg = Debug|Any CPU
		{8BB595B5-F8E1-4AF9-B3C2-42EF1DF3AFDF}.Debug|Any CPU.Build.0 = Debug|Any CPU
		{8BB595B5-F8E1-4AF9-B3C2-42EF1DF3AFDF}.Release|Any CPU.ActiveCfg = Release|Any CPU
		{8BB595B5-F8E1-4AF9-B3C2-42EF1DF3AFDF}.Release|Any CPU.Build.0 = Release|Any CPU
		{0DB162D1-3702-4127-A8A9-F5F026EDF962}.Debug|Any CPU.ActiveCfg = Debug|Any CPU
		{0DB162D1-3702-4127-A8A9-F5F026EDF962}.Debug|Any CPU.Build.0 = Debug|Any CPU
		{0DB162D1-3702-4127-A8A9-F5F026EDF962}.Release|Any CPU.ActiveCfg = Release|Any CPU
		{0DB162D1-3702-4127-A8A9-F5F026EDF962}.Release|Any CPU.Build.0 = Release|Any CPU
		{77549329-6BE1-4D9F-9AB0-9CC3FA579B5E}.Debug|Any CPU.ActiveCfg = Debug|Any CPU
		{77549329-6BE1-4D9F-9AB0-9CC3FA579B5E}.Debug|Any CPU.Build.0 = Debug|Any CPU
		{77549329-6BE1-4D9F-9AB0-9CC3FA579B5E}.Release|Any CPU.ActiveCfg = Release|Any CPU
		{77549329-6BE1-4D9F-9AB0-9CC3FA579B5E}.Release|Any CPU.Build.0 = Release|Any CPU
		{38319A2B-EE77-4EBB-A771-4A972208239D}.Debug|Any CPU.ActiveCfg = Debug|Any CPU
		{38319A2B-EE77-4EBB-A771-4A972208239D}.Debug|Any CPU.Build.0 = Debug|Any CPU
		{38319A2B-EE77-4EBB-A771-4A972208239D}.Release|Any CPU.ActiveCfg = Release|Any CPU
		{38319A2B-EE77-4EBB-A771-4A972208239D}.Release|Any CPU.Build.0 = Release|Any CPU
	EndGlobalSection
	GlobalSection(SolutionProperties) = preSolution
		HideSolutionNode = FALSE
	EndGlobalSection
	GlobalSection(NestedProjects) = preSolution
		{33E8737A-6632-4D3C-AB5E-DCE55016F4CE} = {E1BBC274-1537-4864-8319-0FC0A06FFE09}
		{1E0DCFE2-7832-4C00-A304-B81BFEDECA94} = {E1BBC274-1537-4864-8319-0FC0A06FFE09}
		{E75CB04B-CEFF-4E10-884D-63D21F086CF5} = {E1BBC274-1537-4864-8319-0FC0A06FFE09}
		{73B835AA-8EEB-46A3-A739-F12162AA4BAC} = {3068BA14-2CEC-4A98-8BDC-C36B63D5AC0A}
		{10A8CE9A-93C7-42BA-A379-F1E8C98A7327} = {3068BA14-2CEC-4A98-8BDC-C36B63D5AC0A}
		{738E97AE-DDF3-4B98-B535-A9FBB43571A3} = {73B835AA-8EEB-46A3-A739-F12162AA4BAC}
		{74345CF9-AC7D-458C-90F3-0F95DBEB9B57} = {738E97AE-DDF3-4B98-B535-A9FBB43571A3}
		{53E64B19-D1B6-43E1-A0CC-693357E7C699} = {738E97AE-DDF3-4B98-B535-A9FBB43571A3}
		{8AF9C940-9A4F-4C9D-BD13-5015DDE06A72} = {73B835AA-8EEB-46A3-A739-F12162AA4BAC}
		{8BB595B5-F8E1-4AF9-B3C2-42EF1DF3AFDF} = {8AF9C940-9A4F-4C9D-BD13-5015DDE06A72}
		{DADB7A6B-7693-40A2-B1E1-E01264AC1A58} = {73B835AA-8EEB-46A3-A739-F12162AA4BAC}
		{0DB162D1-3702-4127-A8A9-F5F026EDF962} = {DADB7A6B-7693-40A2-B1E1-E01264AC1A58}
		{77549329-6BE1-4D9F-9AB0-9CC3FA579B5E} = {8AF9C940-9A4F-4C9D-BD13-5015DDE06A72}
		{38319A2B-EE77-4EBB-A771-4A972208239D} = {8AF9C940-9A4F-4C9D-BD13-5015DDE06A72}
	EndGlobalSection
	GlobalSection(ExtensibilityGlobals) = postSolution
		SolutionGuid = {E95A16F4-0CE0-4DBF-BA5E-953A42FA73DF}
	EndGlobalSection
EndGlobal
